
Microsoft Visual Studio Solution File, Format Version 12.00
# Visual Studio Version 17
VisualStudioVersion = 17.10.35027.167
MinimumVisualStudioVersion = 10.0.40219.1
Project("{9A19103F-16F7-4668-BE54-9A1E7A4F7556}") = "TPUMProject.ServerData", "TPUMProject.Data\TPUMProject.ServerData.csproj", "{3E1A55DC-2078-4A08-9435-39A3D698806E}"
EndProject
Project("{9A19103F-16F7-4668-BE54-9A1E7A4F7556}") = "TPUMProject.ServerLogic", "TPUMProject.Logic\TPUMProject.ServerLogic.csproj", "{18A3D4D5-004A-4E67-88BC-3461A9A6BA05}"
EndProject
Project("{9A19103F-16F7-4668-BE54-9A1E7A4F7556}") = "TPUMProject.Presentation", "TPUMProject.Presentation\TPUMProject.Presentation.csproj", "{45856F6A-F931-46C5-B038-1C345B8BFBE2}"
EndProject
Project("{9A19103F-16F7-4668-BE54-9A1E7A4F7556}") = "TPUMProject.Tests", "TPUMProject.Tests\TPUMProject.Tests.csproj", "{CFE2157E-9818-4BAB-8B68-DE9FFFB81899}"
EndProject
Project("{2150E333-8FDC-42A3-9474-1A3956D46DE8}") = "Solution Items", "Solution Items", "{D1049EAE-E00F-49DB-80DB-68997E5A6974}"
	ProjectSection(SolutionItems) = preProject
		README.md = README.md
	EndProjectSection
EndProject
Project("{FAE04EC0-301F-11D3-BF4B-00C04F79EFBC}") = "ServerPresentation", "ServerPresentation\ServerPresentation.csproj", "{2B8D4BBF-C673-4BFF-9B96-B3B9B377E69E}"
EndProject
Project("{FAE04EC0-301F-11D3-BF4B-00C04F79EFBC}") = "ClientData", "ClientData\ClientData.csproj", "{E518ECD3-1D5C-4E5E-A662-4EE6317665AD}"
EndProject
Project("{FAE04EC0-301F-11D3-BF4B-00C04F79EFBC}") = "ClientLogic", "ClientLogic\ClientLogic.csproj", "{9FCB84A4-9EF5-418F-B9A5-5788068C71E7}"
EndProject
Project("{FAE04EC0-301F-11D3-BF4B-00C04F79EFBC}") = "ClinetAPI", "ClinetAPI\ClinetAPI.csproj", "{8DB450BF-3DC8-48F5-BDA1-693F278F498B}"
EndProject
Global
	GlobalSection(SolutionConfigurationPlatforms) = preSolution
		Debug|Any CPU = Debug|Any CPU
		Release|Any CPU = Release|Any CPU
	EndGlobalSection
	GlobalSection(ProjectConfigurationPlatforms) = postSolution
		{3E1A55DC-2078-4A08-9435-39A3D698806E}.Debug|Any CPU.ActiveCfg = Debug|Any CPU
		{3E1A55DC-2078-4A08-9435-39A3D698806E}.Debug|Any CPU.Build.0 = Debug|Any CPU
		{3E1A55DC-2078-4A08-9435-39A3D698806E}.Release|Any CPU.ActiveCfg = Release|Any CPU
		{3E1A55DC-2078-4A08-9435-39A3D698806E}.Release|Any CPU.Build.0 = Release|Any CPU
		{18A3D4D5-004A-4E67-88BC-3461A9A6BA05}.Debug|Any CPU.ActiveCfg = Debug|Any CPU
		{18A3D4D5-004A-4E67-88BC-3461A9A6BA05}.Debug|Any CPU.Build.0 = Debug|Any CPU
		{18A3D4D5-004A-4E67-88BC-3461A9A6BA05}.Release|Any CPU.ActiveCfg = Release|Any CPU
		{18A3D4D5-004A-4E67-88BC-3461A9A6BA05}.Release|Any CPU.Build.0 = Release|Any CPU
		{45856F6A-F931-46C5-B038-1C345B8BFBE2}.Debug|Any CPU.ActiveCfg = Debug|Any CPU
		{45856F6A-F931-46C5-B038-1C345B8BFBE2}.Debug|Any CPU.Build.0 = Debug|Any CPU
		{45856F6A-F931-46C5-B038-1C345B8BFBE2}.Release|Any CPU.ActiveCfg = Release|Any CPU
		{45856F6A-F931-46C5-B038-1C345B8BFBE2}.Release|Any CPU.Build.0 = Release|Any CPU
		{CFE2157E-9818-4BAB-8B68-DE9FFFB81899}.Debug|Any CPU.ActiveCfg = Debug|Any CPU
		{CFE2157E-9818-4BAB-8B68-DE9FFFB81899}.Debug|Any CPU.Build.0 = Debug|Any CPU
		{CFE2157E-9818-4BAB-8B68-DE9FFFB81899}.Release|Any CPU.ActiveCfg = Release|Any CPU
		{CFE2157E-9818-4BAB-8B68-DE9FFFB81899}.Release|Any CPU.Build.0 = Release|Any CPU
		{2B8D4BBF-C673-4BFF-9B96-B3B9B377E69E}.Debug|Any CPU.ActiveCfg = Debug|Any CPU
		{2B8D4BBF-C673-4BFF-9B96-B3B9B377E69E}.Debug|Any CPU.Build.0 = Debug|Any CPU
		{2B8D4BBF-C673-4BFF-9B96-B3B9B377E69E}.Release|Any CPU.ActiveCfg = Release|Any CPU
		{2B8D4BBF-C673-4BFF-9B96-B3B9B377E69E}.Release|Any CPU.Build.0 = Release|Any CPU
		{E518ECD3-1D5C-4E5E-A662-4EE6317665AD}.Debug|Any CPU.ActiveCfg = Debug|Any CPU
		{E518ECD3-1D5C-4E5E-A662-4EE6317665AD}.Debug|Any CPU.Build.0 = Debug|Any CPU
		{E518ECD3-1D5C-4E5E-A662-4EE6317665AD}.Release|Any CPU.ActiveCfg = Release|Any CPU
		{E518ECD3-1D5C-4E5E-A662-4EE6317665AD}.Release|Any CPU.Build.0 = Release|Any CPU
		{9FCB84A4-9EF5-418F-B9A5-5788068C71E7}.Debug|Any CPU.ActiveCfg = Debug|Any CPU
		{9FCB84A4-9EF5-418F-B9A5-5788068C71E7}.Debug|Any CPU.Build.0 = Debug|Any CPU
		{9FCB84A4-9EF5-418F-B9A5-5788068C71E7}.Release|Any CPU.ActiveCfg = Release|Any CPU
		{9FCB84A4-9EF5-418F-B9A5-5788068C71E7}.Release|Any CPU.Build.0 = Release|Any CPU
		{8DB450BF-3DC8-48F5-BDA1-693F278F498B}.Debug|Any CPU.ActiveCfg = Debug|Any CPU
		{8DB450BF-3DC8-48F5-BDA1-693F278F498B}.Debug|Any CPU.Build.0 = Debug|Any CPU
		{8DB450BF-3DC8-48F5-BDA1-693F278F498B}.Release|Any CPU.ActiveCfg = Release|Any CPU
		{8DB450BF-3DC8-48F5-BDA1-693F278F498B}.Release|Any CPU.Build.0 = Release|Any CPU
	EndGlobalSection
	GlobalSection(SolutionProperties) = preSolution
		HideSolutionNode = FALSE
	EndGlobalSection
	GlobalSection(ExtensibilityGlobals) = postSolution
		SolutionGuid = {E0F77A80-6413-4AC5-8F89-249549228352}
	EndGlobalSection
EndGlobal
